
Microsoft Visual Studio Solution File, Format Version 12.00
# Visual Studio 2012
Project("{FAE04EC0-301F-11D3-BF4B-00C04F79EFBC}") = "BibloticaTests", "BibloticaTests\BibloticaTests.csproj", "{977F1A64-774F-4717-B785-235A1D2650CA}"
EndProject
Project("{FAE04EC0-301F-11D3-BF4B-00C04F79EFBC}") = "BibloticaApp", "BibloticaApp\BibloticaApp.csproj", "{3162BF6B-23AD-4217-9D6E-AB44CC0B17E4}"
EndProject
Global
	GlobalSection(SolutionConfigurationPlatforms) = preSolution
		Debug|x86 = Debug|x86
		Release|x86 = Release|x86
	EndGlobalSection
	GlobalSection(ProjectConfigurationPlatforms) = postSolution
		{3162BF6B-23AD-4217-9D6E-AB44CC0B17E4}.Debug|x86.ActiveCfg = Debug|x86
		{3162BF6B-23AD-4217-9D6E-AB44CC0B17E4}.Debug|x86.Build.0 = Debug|x86
		{3162BF6B-23AD-4217-9D6E-AB44CC0B17E4}.Release|x86.ActiveCfg = Release|x86
		{3162BF6B-23AD-4217-9D6E-AB44CC0B17E4}.Release|x86.Build.0 = Release|x86
		{977F1A64-774F-4717-B785-235A1D2650CA}.Debug|x86.ActiveCfg = Debug|Any CPU
		{977F1A64-774F-4717-B785-235A1D2650CA}.Debug|x86.Build.0 = Debug|Any CPU
		{977F1A64-774F-4717-B785-235A1D2650CA}.Release|x86.ActiveCfg = Release|Any CPU
		{977F1A64-774F-4717-B785-235A1D2650CA}.Release|x86.Build.0 = Release|Any CPU
	EndGlobalSection
EndGlobal
